
Microsoft Visual Studio Solution File, Format Version 10.00
# Visual Studio 2008
Project("{D2ABAB84-BF74-430A-B69E-9DC6D40DDA17}") = "TravelCube", "TravelCube\TravelCube.dwproj", "{54D1C6FA-2EE3-4989-A1A3-F716689DC697}"
EndProject
Global
	GlobalSection(SolutionConfigurationPlatforms) = preSolution
		Development|Default = Development|Default
	EndGlobalSection
	GlobalSection(ProjectConfigurationPlatforms) = postSolution
		{54D1C6FA-2EE3-4989-A1A3-F716689DC697}.Development|Default.ActiveCfg = Development
		{54D1C6FA-2EE3-4989-A1A3-F716689DC697}.Development|Default.Build.0 = Development
		{54D1C6FA-2EE3-4989-A1A3-F716689DC697}.Development|Default.Deploy.0 = Development
	EndGlobalSection
	GlobalSection(SolutionProperties) = preSolution
		HideSolutionNode = FALSE
	EndGlobalSection
EndGlobal
